version = 1
revision = 3
requires-python = ">=3.9"
resolution-markers = [
    "python_full_version >= '3.10'",
    "python_full_version < '3.10'",
]

[[package]]
name = "chaptertool-scripts"
version = "0.1.0"
source = { editable = "." }
dependencies = [
    { name = "defusedxml" },
    { name = "fonttools", version = "4.60.2", source = { registry = "https://pypi.org/simple" }, marker = "python_full_version < '3.10'" },
    { name = "fonttools", version = "4.64.0", source = { registry = "https://pypi.org/simple" }, marker = "python_full_version >= '3.10'" },
]

[package.dev-dependencies]
dev = [
    { name = "ruff" },
]

[package.metadata]
requires-dist = [
    { name = "defusedxml", specifier = ">=0.7" },
    { name = "fonttools", specifier = ">=4.44" },
]

[package.metadata.requires-dev]
dev = [{ name = "ruff", specifier = ">=0.16.5" }]

[[package]]
name = "defusedxml"
version = "0.7.1"
source = { registry = "https://pypi.org/simple" }
sdist = { url = "https://files.pythonhosted.org/packages/0f/d5/c66da9b79e5bdb124974bfe172b4daf3c984ebd9c2a06e2b8a4dc7331c72/defusedxml-0.7.1.tar.gz", hash = "sha256:1bb3032db185915b62d7c6209c5a8792be6a32ab2fedacc84e01b52c51aa3e69", size = 75520, upload-time = "2021-03-08T10:59:26.269Z" }
wheels = [
    { url = "https://files.pythonhosted.org/packages/07/6c/aa3f2f849e01cb6a001cd8554a88d4c77c5c1a31c95bdf1cf9301e6d9ef4/defusedxml-0.7.1-py2.py3-none-any.whl", hash = "sha256:a352e7e428770286cc899e2542b6cdaedb2b4953ff269a210103ec58f6198a61", size = 25604, upload-time = "2021-03-08T10:59:24.45Z" },
]

[[package]]
name = "fonttools"
version = "4.60.2"
source = { registry = "https://pypi.org/simple" }
resolution-markers = [
    "python_full_version < '3.10'",
]
sdist = { url = "https://files.pythonhosted.org/packages/3e/c4/db6a7b5eb0656534c3aa2596c2c5e18830d74f1b9aa5aa8a7dff63a0b11d/fonttools-4.60.2.tar.gz", hash = "sha256:d29552e6b155ebfc685b0aecf8d429cb76c14ab734c22ef5d3dea6fdf800c92c", size = 3562254, upload-time = "2025-12-09T13:38:11.835Z" }
wheels = [
    { url = "https://files.pythonhosted.org/packages/ab/de/9e10a99fb3070accb8884886a41a4ce54e49bf2fa4fc63f48a6cf2061713/fonttools-4.60.2-cp310-cp310-macosx_10_9_universal2.whl", hash = "sha256:4e36fadcf7e8ca6e34d490eef86ed638d6fd9c55d2f514b05687622cfc4a7050", size = 2850403, upload-time = "2025-12-09T13:35:53.14Z" },
    { url = "https://files.pythonhosted.org/packages/e4/40/d5b369d1073b134f600a94a287e13b5bdea2191ba6347d813fa3da00e94a/fonttools-4.60.2-cp310-cp310-macosx_10_9_x86_64.whl", hash = "sha256:6e500fc9c04bee749ceabfc20cb4903f6981c2139050d85720ea7ada61b75d5c", size = 2398629, upload-time = "2025-12-09T13:35:56.471Z" },
    { url = "https://files.pythonhosted.org/packages/7c/b5/123819369aaf99d1e4dc49f1de1925d4edc7379114d15a56a7dd2e9d56e6/fonttools-4.60.2-cp310-cp310-manylinux2014_aarch64.manylinux_2_17_aarch64.manylinux_2_28_aarch64.whl", hash = "sha256:22efea5e784e1d1cd8d7b856c198e360a979383ebc6dea4604743b56da1cbc34", size = 4893471, upload-time = "2025-12-09T13:35:58.927Z" },
    { url = "https://files.pythonhosted.org/packages/24/29/f8f8acccb9716b899be4be45e9ce770d6aa76327573863e68448183091b0/fonttools-4.60.2-cp310-cp310-manylinux2014_x86_64.manylinux_2_17_x86_64.whl", hash = "sha256:677aa92d84d335e4d301d8ba04afca6f575316bc647b6782cb0921943fcb6343", size = 4854686, upload-time = "2025-12-09T13:36:01.767Z" },
    { url = "https://files.pythonhosted.org/packages/5a/0d/f3f51d7519f44f2dd5c9a60d7cd41185ebcee4348f073e515a3a93af15ff/fonttools-4.60.2-cp310-cp310-musllinux_1_2_aarch64.whl", hash = "sha256:edd49d3defbf35476e78b61ff737ff5efea811acff68d44233a95a5a48252334", size = 4871233, upload-time = "2025-12-09T13:36:06.094Z" },
    { url = "https://files.pythonhosted.org/packages/cc/3f/4d4fd47d3bc40ab4d76718555185f8adffb5602ea572eac4bbf200c47d22/fonttools-4.60.2-cp310-cp310-musllinux_1_2_x86_64.whl", hash = "sha256:126839492b69cecc5baf2bddcde60caab2ffafd867bbae2a88463fce6078ca3a", size = 4988936, upload-time = "2025-12-09T13:36:08.42Z" },
    { url = "https://files.pythonhosted.org/packages/01/6f/83bbdefa43f2c3ae206fd8c4b9a481f3c913eef871b1ce9a453069239e39/fonttools-4.60.2-cp310-cp310-win32.whl", hash = "sha256:ffcab6f5537136046ca902ed2491ab081ba271b07591b916289b7c27ff845f96", size = 2278044, upload-time = "2025-12-09T13:36:10.641Z" },
    { url = "https://files.pythonhosted.org/packages/d4/04/7d9a137e919d6c9ef26704b7f7b2580d9cfc5139597588227aacebc0e3b7/fonttools-4.60.2-cp310-cp310-win_amd64.whl", hash = "sha256:9c68b287c7ffcd29dd83b5f961004b2a54a862a88825d52ea219c6220309ba45", size = 2326522, upload-time = "2025-12-09T13:36:12.981Z" },
    { url = "https://files.pythonhosted.org/packages/e0/80/b7693d37c02417e162cc83cdd0b19a4f58be82c638b5d4ce4de2dae050c4/fonttools-4.60.2-cp311-cp311-macosx_10_9_universal2.whl", hash = "sha256:a2aed0a7931401b3875265717a24c726f87ecfedbb7b3426c2ca4d2812e281ae", size = 2847809, upload-time = "2025-12-09T13:36:14.884Z" },
    { url = "https://files.pythonhosted.org/packages/f9/9a/9c2c13bf8a6496ac21607d704e74e9cc68ebf23892cf924c9a8b5c7566b9/fonttools-4.60.2-cp311-cp311-macosx_10_9_x86_64.whl", hash = "sha256:dea6868e9d2b816c9076cfea77754686f3c19149873bdbc5acde437631c15df1", size = 2397302, upload-time = "2025-12-09T13:36:17.151Z" },
    { url = "https://files.pythonhosted.org/packages/56/f6/ce38ff6b2d2d58f6fd981d32f3942365bfa30eadf2b47d93b2d48bf6097f/fonttools-4.60.2-cp311-cp311-manylinux2014_aarch64.manylinux_2_17_aarch64.manylinux_2_28_aarch64.whl", hash = "sha256:2fa27f34950aa1fe0f0b1abe25eed04770a3b3b34ad94e5ace82cc341589678a", size = 5054418, upload-time = "2025-12-09T13:36:19.062Z" },
    { url = "https://files.pythonhosted.org/packages/88/06/5353bea128ff39e857c31de3dd605725b4add956badae0b31bc9a50d4c8e/fonttools-4.60.2-cp311-cp311-manylinux2014_x86_64.manylinux_2_17_x86_64.whl", hash = "sha256:13a53d479d187b09bfaa4a35ffcbc334fc494ff355f0a587386099cb66674f1e", size = 5031652, upload-time = "2025-12-09T13:36:21.206Z" },
    { url = "https://files.pythonhosted.org/packages/71/05/ebca836437f6ebd57edd6428e7eff584e683ff0556ddb17d62e3b731f46c/fonttools-4.60.2-cp311-cp311-musllinux_1_2_aarch64.whl", hash = "sha256:fac5e921d3bd0ca3bb8517dced2784f0742bc8ca28579a68b139f04ea323a779", size = 5030321, upload-time = "2025-12-09T13:36:23.515Z" },
    { url = "https://files.pythonhosted.org/packages/57/f9/eb9d2a2ce30c99f840c1cc3940729a970923cf39d770caf88909d98d516b/fonttools-4.60.2-cp311-cp311-musllinux_1_2_x86_64.whl", hash = "sha256:648f4f9186fd7f1f3cd57dbf00d67a583720d5011feca67a5e88b3a491952cfb", size = 5154255, upload-time = "2025-12-09T13:36:25.879Z" },
    { url = "https://files.pythonhosted.org/packages/08/a2/088b6ceba8272a9abb629d3c08f9c1e35e5ce42db0ccfe0c1f9f03e60d1d/fonttools-4.60.2-cp311-cp311-win32.whl", hash = "sha256:3274e15fad871bead5453d5ce02658f6d0c7bc7e7021e2a5b8b04e2f9e40da1a", size = 2276300, upload-time = "2025-12-09T13:36:27.772Z" },
    { url = "https://files.pythonhosted.org/packages/de/2f/8e4c3d908cc5dade7bb1316ce48589f6a24460c1056fd4b8db51f1fa309a/fonttools-4.60.2-cp311-cp311-win_amd64.whl", hash = "sha256:91d058d5a483a1525b367803abb69de0923fbd45e1f82ebd000f5c8aa65bc78e", size = 2327574, upload-time = "2025-12-09T13:36:30.89Z" },
    { url = "https://files.pythonhosted.org/packages/c0/30/530c9eddcd1c39219dc0aaede2b5a4c8ab80e0bb88d1b3ffc12944c4aac3/fonttools-4.60.2-cp312-cp312-macosx_10_13_universal2.whl", hash = "sha256:e0164b7609d2b5c5dd4e044b8085b7bd7ca7363ef8c269a4ab5b5d4885a426b2", size = 2847196, upload-time = "2025-12-09T13:36:33.262Z" },
    { url = "https://files.pythonhosted.org/packages/19/2f/4077a482836d5bbe3bc9dac1c004d02ee227cf04ed62b0a2dfc41d4f0dfd/fonttools-4.60.2-cp312-cp312-macosx_10_13_x86_64.whl", hash = "sha256:1dd3d9574fc595c1e97faccae0f264dc88784ddf7fbf54c939528378bacc0033", size = 2395842, upload-time = "2025-12-09T13:36:35.47Z" },
    { url = "https://files.pythonhosted.org/packages/dd/05/aae5bb99c5398f8ed4a8b784f023fd9dd3568f0bd5d5b21e35b282550f11/fonttools-4.60.2-cp312-cp312-manylinux1_x86_64.manylinux2014_x86_64.manylinux_2_17_x86_64.manylinux_2_5_x86_64.whl", hash = "sha256:98d0719f1b11c2817307d2da2e94296a3b2a3503f8d6252a101dca3ee663b917", size = 4949713, upload-time = "2025-12-09T13:36:37.874Z" },
    { url = "https://files.pythonhosted.org/packages/b4/37/49067349fc78ff0efbf09fadefe80ddf41473ca8f8a25400e3770da38328/fonttools-4.60.2-cp312-cp312-manylinux2014_aarch64.manylinux_2_17_aarch64.manylinux_2_28_aarch64.whl", hash = "sha256:9d3ea26957dd07209f207b4fff64c702efe5496de153a54d3b91007ec28904dd", size = 4999907, upload-time = "2025-12-09T13:36:39.853Z" },
    { url = "https://files.pythonhosted.org/packages/16/31/d0f11c758bd0db36b664c92a0f9dfdcc2d7313749aa7d6629805c6946f21/fonttools-4.60.2-cp312-cp312-musllinux_1_2_aarch64.whl", hash = "sha256:1ee301273b0850f3a515299f212898f37421f42ff9adfc341702582ca5073c13", size = 4939717, upload-time = "2025-12-09T13:36:43.075Z" },
    { url = "https://files.pythonhosted.org/packages/d9/bc/1cff0d69522e561bf1b99bee7c3911c08c25e919584827c3454a64651ce9/fonttools-4.60.2-cp312-cp312-musllinux_1_2_x86_64.whl", hash = "sha256:c6eb4694cc3b9c03b7c01d65a9cf35b577f21aa6abdbeeb08d3114b842a58153", size = 5089205, upload-time = "2025-12-09T13:36:45.468Z" },
    { url = "https://files.pythonhosted.org/packages/05/e6/fb174f0069b7122e19828c551298bfd34fdf9480535d2a6ac2ed37afacd3/fonttools-4.60.2-cp312-cp312-win32.whl", hash = "sha256:57f07b616c69c244cc1a5a51072eeef07dddda5ebef9ca5c6e9cf6d59ae65b70", size = 2264674, upload-time = "2025-12-09T13:36:49.238Z" },
    { url = "https://files.pythonhosted.org/packages/75/57/6552ffd6b582d3e6a9f01780c5275e6dfff1e70ca146101733aa1c12a129/fonttools-4.60.2-cp312-cp312-win_amd64.whl", hash = "sha256:310035802392f1fe5a7cf43d76f6ff4a24c919e4c72c0352e7b8176e2584b8a0", size = 2314701, upload-time = "2025-12-09T13:36:51.09Z" },
    { url = "https://files.pythonhosted.org/packages/2e/e4/8381d0ca6b6c6c484660b03517ec5b5b81feeefca3808726dece36c652a9/fonttools-4.60.2-cp313-cp313-macosx_10_13_universal2.whl", hash = "sha256:2bb5fd231e56ccd7403212636dcccffc96c5ae0d6f9e4721fa0a32cb2e3ca432", size = 2842063, upload-time = "2025-12-09T13:36:53.468Z" },
    { url = "https://files.pythonhosted.org/packages/b4/2c/4367117ee8ff4f4374787a1222da0bd413d80cf3522111f727a7b8f80d1d/fonttools-4.60.2-cp313-cp313-macosx_10_13_x86_64.whl", hash = "sha256:536b5fab7b6fec78ccf59b5c59489189d9d0a8b0d3a77ed1858be59afb096696", size = 2393792, upload-time = "2025-12-09T13:36:55.742Z" },
    { url = "https://files.pythonhosted.org/packages/49/b7/a76b6dffa193869e54e32ca2f9abb0d0e66784bc8a24e6f86eb093015481/fonttools-4.60.2-cp313-cp313-manylinux1_x86_64.manylinux2014_x86_64.manylinux_2_17_x86_64.manylinux_2_5_x86_64.whl", hash = "sha256:6b9288fc38252ac86a9570f19313ecbc9ff678982e0f27c757a85f1f284d3400", size = 4924020, upload-time = "2025-12-09T13:36:58.229Z" },
    { url = "https://files.pythonhosted.org/packages/bd/4e/0078200e2259f0061c86a74075f507d64c43dd2ab38971956a5c0012d344/fonttools-4.60.2-cp313-cp313-manylinux2014_aarch64.manylinux_2_17_aarch64.manylinux_2_28_aarch64.whl", hash = "sha256:93fcb420791d839ef592eada2b69997c445d0ce9c969b5190f2e16828ec10607", size = 4980070, upload-time = "2025-12-09T13:37:00.311Z" },
    { url = "https://files.pythonhosted.org/packages/85/1f/d87c85a11cb84852c975251581862681e4a0c1c3bd456c648792203f311b/fonttools-4.60.2-cp313-cp313-musllinux_1_2_aarch64.whl", hash = "sha256:7916a381b094db4052ac284255186aebf74c5440248b78860cb41e300036f598", size = 4921411, upload-time = "2025-12-09T13:37:02.345Z" },
    { url = "https://files.pythonhosted.org/packages/75/c0/7efad650f5ed8e317c2633133ef3c64917e7adf2e4e2940c798f5d57ec6e/fonttools-4.60.2-cp313-cp313-musllinux_1_2_x86_64.whl", hash = "sha256:58c8c393d5e16b15662cfc2d988491940458aa87894c662154f50c7b49440bef", size = 5063465, upload-time = "2025-12-09T13:37:04.836Z" },
    { url = "https://files.pythonhosted.org/packages/18/a8/750518c4f8cdd79393b386bc81226047ade80239e58c6c9f5dbe1fdd8ea1/fonttools-4.60.2-cp313-cp313-win32.whl", hash = "sha256:19c6e0afd8b02008caa0aa08ab896dfce5d0bcb510c49b2c499541d5cb95a963", size = 2263443, upload-time = "2025-12-09T13:37:06.762Z" },
    { url = "https://files.pythonhosted.org/packages/b8/22/026c60376f165981f80a0e90bd98a79ae3334e9d89a3d046c4d2e265c724/fonttools-4.60.2-cp313-cp313-win_amd64.whl", hash = "sha256:6a500dc59e11b2338c2dba1f8cf11a4ae8be35ec24af8b2628b8759a61457b76", size = 2313800, upload-time = "2025-12-09T13:37:08.713Z" },
    { url = "https://files.pythonhosted.org/packages/7e/ab/7cf1f5204e1366ddf9dc5cdc2789b571feb9eebcee0e3463c3f457df5f52/fonttools-4.60.2-cp314-cp314-macosx_10_15_universal2.whl", hash = "sha256:9387c532acbe323bbf2a920f132bce3c408a609d5f9dcfc6532fbc7e37f8ccbb", size = 2841690, upload-time = "2025-12-09T13:37:10.696Z" },
    { url = "https://files.pythonhosted.org/packages/00/3c/0bf83c6f863cc8b934952567fa2bf737cfcec8fc4ffb59b3f93820095f89/fonttools-4.60.2-cp314-cp314-macosx_10_15_x86_64.whl", hash = "sha256:e6f1c824185b5b8fb681297f315f26ae55abb0d560c2579242feea8236b1cfef", size = 2392191, upload-time = "2025-12-09T13:37:12.954Z" },
    { url = "https://files.pythonhosted.org/packages/00/f0/40090d148b8907fbea12e9bdf1ff149f30cdf1769e3b2c3e0dbf5106b88d/fonttools-4.60.2-cp314-cp314-manylinux1_x86_64.manylinux2014_x86_64.manylinux_2_17_x86_64.manylinux_2_5_x86_64.whl", hash = "sha256:55a3129d1e4030b1a30260f1b32fe76781b585fb2111d04a988e141c09eb6403", size = 4873503, upload-time = "2025-12-09T13:37:15.142Z" },
    { url = "https://files.pythonhosted.org/packages/dc/e0/d8b13f99e58b8c293781288ba62fe634f1f0697c9c4c0ae104d3215f3a10/fonttools-4.60.2-cp314-cp314-manylinux2014_aarch64.manylinux_2_17_aarch64.manylinux_2_28_aarch64.whl", hash = "sha256:b196e63753abc33b3b97a6fd6de4b7c4fef5552c0a5ba5e562be214d1e9668e0", size = 4968493, upload-time = "2025-12-09T13:37:18.272Z" },
    { url = "https://files.pythonhosted.org/packages/46/c5/960764d12c92bc225f02401d3067048cb7b282293d9e48e39fe2b0ec38a9/fonttools-4.60.2-cp314-cp314-musllinux_1_2_aarch64.whl", hash = "sha256:de76c8d740fb55745f3b154f0470c56db92ae3be27af8ad6c2e88f1458260c9a", size = 4920015, upload-time = "2025-12-09T13:37:20.334Z" },
    { url = "https://files.pythonhosted.org/packages/4b/ab/839d8caf253d1eef3653ef4d34427d0326d17a53efaec9eb04056b670fff/fonttools-4.60.2-cp314-cp314-musllinux_1_2_x86_64.whl", hash = "sha256:6ba6303225c95998c9fda2d410aa792c3d2c1390a09df58d194b03e17583fa25", size = 5031165, upload-time = "2025-12-09T13:37:23.57Z" },
    { url = "https://files.pythonhosted.org/packages/de/bf/3bc862796a6841cbe0725bb5512d272239b809dba631a4b0301df885e62d/fonttools-4.60.2-cp314-cp314-win32.whl", hash = "sha256:0a89728ce10d7c816fedaa5380c06d2793e7a8a634d7ce16810e536c22047384", size = 2267526, upload-time = "2025-12-09T13:37:25.821Z" },
    { url = "https://files.pythonhosted.org/packages/fc/a1/c1909cacf00c76dc37b4743451561fbaaf7db4172c22a6d9394081d114c3/fonttools-4.60.2-cp314-cp314-win_amd64.whl", hash = "sha256:fa8446e6ab8bd778b82cb1077058a2addba86f30de27ab9cc18ed32b34bc8667", size = 2319096, upload-time = "2025-12-09T13:37:28.058Z" },
    { url = "https://files.pythonhosted.org/packages/29/b3/f66e71433f08e3a931b2b31a665aeed17fcc5e6911fc73529c70a232e421/fonttools-4.60.2-cp314-cp314t-macosx_10_15_universal2.whl", hash = "sha256:4063bc81ac5a4137642865cb63dd270e37b3cd1f55a07c0d6e41d072699ccca2", size = 2925167, upload-time = "2025-12-09T13:37:30.348Z" },
    { url = "https://files.pythonhosted.org/packages/2e/13/eeb491ff743594bbd0bee6e49422c03a59fe9c49002d3cc60eeb77414285/fonttools-4.60.2-cp314-cp314t-macosx_10_15_x86_64.whl", hash = "sha256:ebfdb66fa69732ed604ab8e2a0431e6deff35e933a11d73418cbc7823d03b8e1", size = 2430923, upload-time = "2025-12-09T13:37:32.817Z" },
    { url = "https://files.pythonhosted.org/packages/b2/e5/db609f785e460796e53c4dbc3874a5f4948477f27beceb5e2d24b2537666/fonttools-4.60.2-cp314-cp314t-manylinux1_x86_64.manylinux2014_x86_64.manylinux_2_17_x86_64.manylinux_2_5_x86_64.whl", hash = "sha256:50b10b3b1a72d1d54c61b0e59239e1a94c0958f4a06a1febf97ce75388dd91a4", size = 4877729, upload-time = "2025-12-09T13:37:35.858Z" },
    { url = "https://files.pythonhosted.org/packages/5f/d6/85e4484dd4bfb03fee7bd370d65888cccbd3dee2681ee48c869dd5ccb23f/fonttools-4.60.2-cp314-cp314t-manylinux2014_aarch64.manylinux_2_17_aarch64.manylinux_2_28_aarch64.whl", hash = "sha256:beae16891a13b4a2ddec9b39b4de76092a3025e4d1c82362e3042b62295d5e4d", size = 5096003, upload-time = "2025-12-09T13:37:37.862Z" },
    { url = "https://files.pythonhosted.org/packages/30/49/1a98e44b71030b83d2046f981373b80571868259d98e6dae7bc20099dac6/fonttools-4.60.2-cp314-cp314t-musllinux_1_2_aarch64.whl", hash = "sha256:522f017fdb3766fd5d2d321774ef351cc6ce88ad4e6ac9efe643e4a2b9d528db", size = 4974410, upload-time = "2025-12-09T13:37:40.166Z" },
    { url = "https://files.pythonhosted.org/packages/42/07/d6f775d950ee8a841012472c7303f8819423d8cc3b4530915de7265ebfa2/fonttools-4.60.2-cp314-cp314t-musllinux_1_2_x86_64.whl", hash = "sha256:82cceceaf9c09a965a75b84a4b240dd3768e596ffb65ef53852681606fe7c9ba", size = 5002036, upload-time = "2025-12-09T13:37:42.639Z" },
    { url = "https://files.pythonhosted.org/packages/73/f6/ba6458f83ce1a9f8c3b17bd8f7b8a2205a126aac1055796b7e7cfebbd38f/fonttools-4.60.2-cp314-cp314t-win32.whl", hash = "sha256:bbfbc918a75437fe7e6d64d1b1e1f713237df1cf00f3a36dedae910b2ba01cee", size = 2330985, upload-time = "2025-12-09T13:37:45.157Z" },
    { url = "https://files.pythonhosted.org/packages/91/24/fea0ba4d3a32d4ed1103a1098bfd99dc78b5fe3bb97202920744a37b73dc/fonttools-4.60.2-cp314-cp314t-win_amd64.whl", hash = "sha256:0e5cd9b0830f6550d58c84f3ab151a9892b50c4f9d538c5603c0ce6fff2eb3f1", size = 2396226, upload-time = "2025-12-09T13:37:47.355Z" },
    { url = "https://files.pythonhosted.org/packages/55/ae/a6d9446cb258d3fe87e311c2d7bacf8e8da3e5809fbdc3a8306db4f6b14e/fonttools-4.60.2-cp39-cp39-macosx_10_9_universal2.whl", hash = "sha256:a3c75b8b42f7f93906bdba9eb1197bb76aecbe9a0a7cf6feec75f7605b5e8008", size = 2857184, upload-time = "2025-12-09T13:37:49.96Z" },
    { url = "https://files.pythonhosted.org/packages/3a/f3/1b41d0b6a8b908aa07f652111155dd653ebbf0b3385e66562556c5206685/fonttools-4.60.2-cp39-cp39-macosx_10_9_x86_64.whl", hash = "sha256:0f86c8c37bc0ec0b9c141d5e90c717ff614e93c187f06d80f18c7057097f71bc", size = 2401877, upload-time = "2025-12-09T13:37:52.307Z" },
    { url = "https://files.pythonhosted.org/packages/71/57/048fd781680c38b05c5463657d0d95d5f2391a51972176e175c01de29d42/fonttools-4.60.2-cp39-cp39-manylinux2014_aarch64.manylinux_2_17_aarch64.manylinux_2_28_aarch64.whl", hash = "sha256:fe905403fe59683b0e9a45f234af2866834376b8821f34633b1c76fb731b6311", size = 4878073, upload-time = "2025-12-09T13:37:56.477Z" },
    { url = "https://files.pythonhosted.org/packages/45/bb/363364f052a893cebd3d449588b21244a9d873620fda03ad92702d2e1bc7/fonttools-4.60.2-cp39-cp39-manylinux2014_x86_64.manylinux_2_17_x86_64.whl", hash = "sha256:38ce703b60a906e421e12d9e3a7f064883f5e61bb23e8961f4be33cfe578500b", size = 4835385, upload-time = "2025-12-09T13:37:58.882Z" },
    { url = "https://files.pythonhosted.org/packages/1c/38/e392bb930b2436287e6021672345db26441bf1f85f1e98f8b9784334e41d/fonttools-4.60.2-cp39-cp39-musllinux_1_2_aarch64.whl", hash = "sha256:9e810c06f3e79185cecf120e58b343ea5a89b54dd695fd644446bcf8c026da5e", size = 4853084, upload-time = "2025-12-09T13:38:01.578Z" },
    { url = "https://files.pythonhosted.org/packages/65/60/0d77faeaecf7a3276a8a6dc49e2274357e6b3ed6a1774e2fdb2a7f142db0/fonttools-4.60.2-cp39-cp39-musllinux_1_2_x86_64.whl", hash = "sha256:38faec8cc1d12122599814d15a402183f5123fb7608dac956121e7c6742aebc5", size = 4971144, upload-time = "2025-12-09T13:38:03.748Z" },
    { url = "https://files.pythonhosted.org/packages/ba/c7/6d3ac3afbcd598631bce24c3ecb919e7d0644a82fea8ddc4454312fc0be6/fonttools-4.60.2-cp39-cp39-win32.whl", hash = "sha256:80a45cf7bf659acb7b36578f300231873daba67bd3ca8cce181c73f861f14a37", size = 1499411, upload-time = "2025-12-09T13:38:05.586Z" },
    { url = "https://files.pythonhosted.org/packages/5a/1c/9dedf6420e23f9fa630bb97941839dddd2e1e57d1b2b85a902378dbe0bd2/fonttools-4.60.2-cp39-cp39-win_amd64.whl", hash = "sha256:c355d5972071938e1b1e0f5a1df001f68ecf1a62f34a3407dc8e0beccf052501", size = 1547943, upload-time = "2025-12-09T13:38:07.604Z" },
    { url = "https://files.pythonhosted.org/packages/79/6c/10280af05b44fafd1dff69422805061fa1af29270bc52dce031ac69540bf/fonttools-4.60.2-py3-none-any.whl", hash = "sha256:73cf92eeda67cf6ff10c8af56fc8f4f07c1647d989a979be9e388a49be26552a", size = 1144610, upload-time = "2025-12-09T13:38:09.5Z" },
]

[[package]]
name = "fonttools"
version = "4.64.0"
source = { registry = "https://pypi.org/simple" }
resolution-markers = [
    "python_full_version >= '3.10'",
]
sdist = { url = "https://files.pythonhosted.org/packages/d4/41/0f072a712dc74496e03710e462a18a4cfd8a258ad055a4e22d28b43a7abd/fonttools-4.64.0.tar.gz", hash = "sha256:ecb2e59a7bc692fee64dda6010deb66222335693b30046f15cccf81233aa715f", size = 3664266, upload-time = "2026-08-31T15:44:33.685Z" }
wheels = [
    { url = "https://files.pythonhosted.org/packages/7e/d2/51a541f2f807845933223c3d86d1157ca0fac1351626757999f7b2908e64/fonttools-4.64.0-cp310-cp310-macosx_10_9_universal2.whl", hash = "sha256:50e52b6f479ddb1fe32423c2ec860811f36584cf6eabf279fb9a4f98b859a8b4", size = 3093843, upload-time = "2026-08-31T15:42:09.581Z" },
    { url = "https://files.pythonhosted.org/packages/5a/25/71fd00d06bacbaf0df604bdea4d6574f0ce091692bde028847a445f9f726/fonttools-4.64.0-cp310-cp310-macosx_10_9_x86_64.whl", hash = "sha256:730eed859508cb7b0775ebe6bb39f18901f168eb989d8ee23a4fe082700e1e3f", size = 2586331, upload-time = "2026-08-31T15:42:11.79Z" },
    { url = "https://files.pythonhosted.org/packages/ab/64/9f2f0ee36669073ae21a28bb2e6cb91c5aa963fae39b3636afc5e29dc959/fonttools-4.64.0-cp310-cp310-manylinux2014_aarch64.manylinux_2_17_aarch64.manylinux_2_28_aarch64.whl", hash = "sha256:6946c033a144086d5b98c976b72f476b70c93fbbedf914eee0e886f073a4e9fa", size = 5309251, upload-time = "2026-08-31T15:42:13.773Z" },
    { url = "https://files.pythonhosted.org/packages/d6/93/515ea8d3f637450c4d354acbabea576ec977ab03684a775116a9e6e30fc3/fonttools-4.64.0-cp310-cp310-manylinux2014_x86_64.manylinux_2_17_x86_64.whl", hash = "sha256:d16102cbcd4615b09c64e6022733faccc93200785f1ab0d4493afb8b0261edde", size = 5251598, upload-time = "2026-08-31T15:42:15.948Z" },
    { url = "https://files.pythonhosted.org/packages/b6/82/801c3d780439d486cf6fc92b2a212d9f902cd7d5af7e8d8d67fa0a76243e/fonttools-4.64.0-cp310-cp310-musllinux_1_2_aarch64.whl", hash = "sha256:a3238a693e806a3158375c6403b8f6f71d86eb9c149b60c97f26dfd560c98ac8", size = 5273084, upload-time = "2026-08-31T15:42:18.176Z" },
    { url = "https://files.pythonhosted.org/packages/52/da/cba7640c3d064f8a72de17adc38c899ac35db2708e7bd9efb52993924f08/fonttools-4.64.0-cp310-cp310-musllinux_1_2_x86_64.whl", hash = "sha256:70fd99e5a09fb77f14b29d70879a4fce9529b2d2948b14c96708e0a61e001b98", size = 5409243, upload-time = "2026-08-31T15:42:20.491Z" },
    { url = "https://files.pythonhosted.org/packages/19/95/0890e3438f94f861c4c37f89fe4a08cbe79bd2b256c78f4dce016c51d8cc/fonttools-4.64.0-cp310-cp310-win32.whl", hash = "sha256:507c553cdb5abe2e951b5368423849fe29911a828c2135319c3e500e3bf25b32", size = 1575835, upload-time = "2026-08-31T15:42:22.497Z" },
    { url = "https://files.pythonhosted.org/packages/35/29/bfa508a7211ce57d5303f2dd30f3ebb8601c144576a2cbfd9040b87019a8/fonttools-4.64.0-cp310-cp310-win_amd64.whl", hash = "sha256:e7b34209eef39462563c05ea9dcf51c272a2ded56f5753da925e66bca3baa484", size = 1632090, upload-time = "2026-08-31T15:42:24.658Z" },
    { url = "https://files.pythonhosted.org/packages/07/f7/a222d1e20d460a09d08fe0b612a6f373235168c6c3228ff6a913cc8ff9ea/fonttools-4.64.0-cp311-cp311-macosx_10_9_universal2.whl", hash = "sha256:dac25768be4c03a990c359f408cb7e8958ed0e93061e495b3642ce7909761205", size = 3087538, upload-time = "2026-08-31T15:42:26.68Z" },
    { url = "https://files.pythonhosted.org/packages/74/fd/571331ac2b9ea43403ba43f27f5b45427a13b5c559d4379c99f3f9437b59/fonttools-4.64.0-cp311-cp311-macosx_10_9_x86_64.whl", hash = "sha256:d652592c71683941b768306fa1c7c6ce1bb9b072505043feafe86305d71030b7", size = 2582847, upload-time = "2026-08-31T15:42:28.664Z" },
    { url = "https://files.pythonhosted.org/packages/dd/bc/583ad5e4d6fbc600b1d9eb3c2e8b4eac5ca1c204fa29e4ef0ff344d8aa60/fonttools-4.64.0-cp311-cp311-manylinux2014_aarch64.manylinux_2_17_aarch64.manylinux_2_28_aarch64.whl", hash = "sha256:801fd04899d72eab34f02ab78d0451525621b3bd589da9d2d480dfffe951b643", size = 5493826, upload-time = "2026-08-31T15:42:30.991Z" },
    { url = "https://files.pythonhosted.org/packages/f8/3d/4edf079bdb01791abe87753b7c8fdca4e8ec709276e7b030a1aa84a88a51/fonttools-4.64.0-cp311-cp311-manylinux2014_x86_64.manylinux_2_17_x86_64.whl", hash = "sha256:ff7aff4637fbf71394df139c63ccfe08a47aa4252d2f91224ddb3335c716c925", size = 5455609, upload-time = "2026-08-31T15:42:33.149Z" },
    { url = "https://files.pythonhosted.org/packages/7e/b6/e36ea109c8cfdb0f174c09d8464b4ddf6b446f97313118d69b6a28cd7189/fonttools-4.64.0-cp311-cp311-musllinux_1_2_aarch64.whl", hash = "sha256:f521d79d6acda4923b264805541696f452079db0952a5bb96f9ff742f50629ec", size = 5460840, upload-time = "2026-08-31T15:42:35.423Z" },
    { url = "https://files.pythonhosted.org/packages/6c/bf/0d8bb1fbb96c621c1da5f93e288bec8424802df10265e790dddc66626b1f/fonttools-4.64.0-cp311-cp311-musllinux_1_2_x86_64.whl", hash = "sha256:a0afa8bac675445dc0e2ba2891ecbedd9be89cb437afa94c823e0290cc2c4bc5", size = 5591341, upload-time = "2026-08-31T15:42:37.874Z" },
    { url = "https://files.pythonhosted.org/packages/e8/e1/6f8a1a01e5ed4408fdffb934c77ce65d978a2df6fd6eaaec5e6b864b10f5/fonttools-4.64.0-cp311-cp311-win32.whl", hash = "sha256:c3c1fb656063a2f762db5378ea8d38ad5f7836b4f3fb8c4652270ded43df2935", size = 2439647, upload-time = "2026-08-31T15:42:40.196Z" },
    { url = "https://files.pythonhosted.org/packages/21/41/b575f14a653911f33f17ef62bbeaa818c94bc7e694579cc9ddec6935d5b2/fonttools-4.64.0-cp311-cp311-win_amd64.whl", hash = "sha256:e63b63b8b5fdb8e29318dff2b15c5f852be46e972775b466f75b848f6eed4502", size = 2497436, upload-time = "2026-08-31T15:42:42.36Z" },
    { url = "https://files.pythonhosted.org/packages/82/23/4ea251977fef70ed14193785e1b2949355f1f5927dc0ef1dada675c0bbb2/fonttools-4.64.0-cp312-cp312-macosx_10_13_universal2.whl", hash = "sha256:9ecb2b206b5b2386f6968721a0770226b66bdd54adc4279bfff3ddf62873eed8", size = 3095501, upload-time = "2026-08-31T15:42:44.299Z" },
    { url = "https://files.pythonhosted.org/packages/c4/32/943e9034f49797e1a25dbbd60c8047ce0c38c3585c5d1b2db38ce64059c5/fonttools-4.64.0-cp312-cp312-macosx_10_13_x86_64.whl", hash = "sha256:a8c631303bb1fd7be3067c47536a30ff1fcb4846d6008c112bc52a03f7cd6965", size = 2583091, upload-time = "2026-08-31T15:42:46.57Z" },
    { url = "https://files.pythonhosted.org/packages/0a/4b/332cb3105d5d550cb5728e669151601c4f7698cbedafd134154eb806ef83/fonttools-4.64.0-cp312-cp312-manylinux2014_aarch64.manylinux_2_17_aarch64.manylinux_2_28_aarch64.whl", hash = "sha256:b2763e452b025ee8e990f0462e76052de9bb094ebc21d296f62c6dfe958886b4", size = 5423449, upload-time = "2026-08-31T15:42:48.615Z" },
    { url = "https://files.pythonhosted.org/packages/dc/8f/e5f2906ea833d362916c64a2f6b1922a07b19442744fd3cd89563f429bff/fonttools-4.64.0-cp312-cp312-manylinux2014_x86_64.manylinux_2_17_x86_64.whl", hash = "sha256:66a83f93579fb3493e458c4449d1d566a7b2a1c7b19915cd0fa3c9b8b5a8540b", size = 5400981, upload-time = "2026-08-31T15:42:50.862Z" },
    { url = "https://files.pythonhosted.org/packages/fe/46/1b325ebb20aef8bb05f803052ea65931d73638ae3e0d02a6658e3d14e0f8/fonttools-4.64.0-cp312-cp312-musllinux_1_2_aarch64.whl", hash = "sha256:cf67f96dc0bfe9607f5f2b734cedfbe2f6f995231adee4ccefa12872044d452d", size = 5359588, upload-time = "2026-08-31T15:42:53.341Z" },
    { url = "https://files.pythonhosted.org/packages/8c/d3/ac56fa880e01339aa6ad0bcb457cc30bb4d6c5ca79922e1bd650e4a3a396/fonttools-4.64.0-cp312-cp312-musllinux_1_2_x86_64.whl", hash = "sha256:6786bed88581e19bc4f28ea7a64ad531e8f54acf50327fddca942688824a60bd", size = 5520698, upload-time = "2026-08-31T15:42:55.919Z" },
    { url = "https://files.pythonhosted.org/packages/d7/40/1251fef04c308836a3a7db523703a7ca8ab010dc1e3b9a9bf08e0861c7a8/fonttools-4.64.0-cp312-cp312-win32.whl", hash = "sha256:da4c9bdeaf6b06c12d13d0addfc8ef15aa9695d26574a6dc10751258bef72f30", size = 2430689, upload-time = "2026-08-31T15:42:58.48Z" },
    { url = "https://files.pythonhosted.org/packages/6f/1c/ce0e89183c0235ff6cfbf0603d593023a5afa5333efb35ff569cc0be9ce2/fonttools-4.64.0-cp312-cp312-win_amd64.whl", hash = "sha256:06b6409b868494556a831ae33b2d9a090476c37516b38d70f45a9720b460d423", size = 2482071, upload-time = "2026-08-31T15:43:00.598Z" },
    { url = "https://files.pythonhosted.org/packages/44/7b/49b0054a79b9ed918c018e70e09b56eb5678ee8b44e59e126c79de4d8d73/fonttools-4.64.0-cp313-cp313-macosx_10_13_universal2.whl", hash = "sha256:9443eefff58aad558608f352092e1be6d278980e8c3b4e8621fcbfda97818500", size = 3092750, upload-time = "2026-08-31T15:43:02.705Z" },
    { url = "https://files.pythonhosted.org/packages/83/e2/08e73bd2f6e6248f071d3e9debe4c2b4cecda3a7dc057c56b44e255421c3/fonttools-4.64.0-cp313-cp313-macosx_10_13_x86_64.whl", hash = "sha256:09657817b75575822bcd6098ef0ebf0386f34430839ee53109e70fd40a7f6539", size = 2583001, upload-time = "2026-08-31T15:43:04.923Z" },
    { url = "https://files.pythonhosted.org/packages/2f/58/6dc0ff0963fc1e12f53bac59175617ec5927342ee7a4ffb871b44d56d81b/fonttools-4.64.0-cp313-cp313-manylinux2014_aarch64.manylinux_2_17_aarch64.manylinux_2_28_aarch64.whl", hash = "sha256:7d7995b906666037d7114c20a5566a372902747452af7d5bd4cd6bca8f1a2550", size = 5392765, upload-time = "2026-08-31T15:43:07.096Z" },
    { url = "https://files.pythonhosted.org/packages/7a/dd/4d3911049680da7b3aecf97cb5094e3a05554f5d94829358fc7664640456/fonttools-4.64.0-cp313-cp313-manylinux2014_x86_64.manylinux_2_17_x86_64.whl", hash = "sha256:2c42237b7e8c6813643e57d3efed3be094d4c06339dc2166b626e2cc5c12ee93", size = 5373969, upload-time = "2026-08-31T15:43:09.617Z" },
    { url = "https://files.pythonhosted.org/packages/48/0a/a2cf94121fd3ca9166bdb4863f71d6db32a5606b223c81e2ba99832a0612/fonttools-4.64.0-cp313-cp313-musllinux_1_2_aarch64.whl", hash = "sha256:498f02ea92c9ca18c0f9c581ea93184a9d56c25b0af14189b0767adaf34235d8", size = 5333854, upload-time = "2026-08-31T15:43:11.985Z" },
    { url = "https://files.pythonhosted.org/packages/44/e2/632f4a8b94e6d7eea41e6d82f0ed337f64f5fb96f9910e2ac6b1689910e2/fonttools-4.64.0-cp313-cp313-musllinux_1_2_x86_64.whl", hash = "sha256:8252f20108e557532f91d7d6dd9af87c16ed6fa930f65516aa480fa2cfed3363", size = 5492828, upload-time = "2026-08-31T15:43:14.288Z" },
    { url = "https://files.pythonhosted.org/packages/ff/25/7fee1978fdedc1a2d978b76dddbea88785416f5774e7222327b867712d71/fonttools-4.64.0-cp313-cp313-win32.whl", hash = "sha256:45e3ecc3888f1637094fd75cd8fc727f3a4b06d1ddf89181126c071e244fd2a5", size = 2429011, upload-time = "2026-08-31T15:43:16.463Z" },
    { url = "https://files.pythonhosted.org/packages/dd/ed/bb1c217c9e1fbfa59f42b266af57df937a703882a73e59a309773752228f/fonttools-4.64.0-cp313-cp313-win_amd64.whl", hash = "sha256:e4812f71c39d77ec5041348dafa400532adf7bf8f1fffa9aa6495fce5876d7b8", size = 2480199, upload-time = "2026-08-31T15:43:18.774Z" },
    { url = "https://files.pythonhosted.org/packages/a0/0a/59b9074b8ab165cc28d3e08bcf7a8eff8e1dc5932a5a41c87b15952fa3af/fonttools-4.64.0-cp314-cp314-macosx_10_15_universal2.whl", hash = "sha256:6f1ce9ef9a1b13098efdc2e43a2ed96d9851bbde7b31c652a87552c4efe9b422", size = 3096790, upload-time = "2026-08-31T15:43:21.125Z" },
    { url = "https://files.pythonhosted.org/packages/17/39/af1077a36feefe79f36d67d75aee637a96673c0a74eeb2c6f24266f5a20b/fonttools-4.64.0-cp314-cp314-macosx_10_15_x86_64.whl", hash = "sha256:83cc48d1411d2ff388dab99973dca81172cc9ceae9c9799da9548d494cfb38cb", size = 2584288, upload-time = "2026-08-31T15:43:23.148Z" },
    { url = "https://files.pythonhosted.org/packages/00/c4/1ea58af0eb78264d28e5871bba0810bf0943cd93d641fdeae92553ad3410/fonttools-4.64.0-cp314-cp314-manylinux2014_aarch64.manylinux_2_17_aarch64.manylinux_2_28_aarch64.whl", hash = "sha256:e412767d1c9765cf1b82f7b00f1686c6ca5809ebb77af363b3f9f2325a465c01", size = 5378061, upload-time = "2026-08-31T15:43:25.193Z" },
    { url = "https://files.pythonhosted.org/packages/93/99/5c7e36d770407b66f7fc8378d2bb47f1530d083d8b9247ff011ec9b4dd70/fonttools-4.64.0-cp314-cp314-manylinux2014_x86_64.manylinux_2_17_x86_64.whl", hash = "sha256:b4a7af455ffed980925bc0ebf5b8d6239e6c3e797d9d755b6db192fb3080d614", size = 5319458, upload-time = "2026-08-31T15:43:27.696Z" },
    { url = "https://files.pythonhosted.org/packages/a8/09/89e8d600e92723309d4ddd3944c4ca565197a5df0236ae4115ccbe797375/fonttools-4.64.0-cp314-cp314-musllinux_1_2_aarch64.whl", hash = "sha256:398b14f89ca950b288bd290875f07e4e10685644fa4ac668546fb107b1ada4d4", size = 5316656, upload-time = "2026-08-31T15:43:29.842Z" },
    { url = "https://files.pythonhosted.org/packages/0e/b3/56719ab37e1592ceac89724574146622bedec036a207be80f3c7b1c14cbe/fonttools-4.64.0-cp314-cp314-musllinux_1_2_x86_64.whl", hash = "sha256:dc96150f99e05a317cb1f042b92c4cf8bc93cdb1f9f85717322e202ecdf2e505", size = 5448380, upload-time = "2026-08-31T15:43:32.311Z" },
    { url = "https://files.pythonhosted.org/packages/3b/b0/15951b7e3006073f3260da4f8983732d18903905cfe26daa5138a0bbf682/fonttools-4.64.0-cp314-cp314-win32.whl", hash = "sha256:1c3661324f3f0fa4539a32288a3e0711a5f3ccf020036e760bb558ae9811a16f", size = 2432778, upload-time = "2026-08-31T15:43:34.421Z" },
    { url = "https://files.pythonhosted.org/packages/8e/f3/0c97402b29411f4f6d31b32f2af5b4bcd5babe5a93c64558a8fd3654f140/fonttools-4.64.0-cp314-cp314-win_amd64.whl", hash = "sha256:043f6c572bf236f2a76e762c25f841daea11e8fc03e78088d7be66e0c5b4e4c0", size = 2485394, upload-time = "2026-08-31T15:43:36.506Z" },
    { url = "https://files.pythonhosted.org/packages/00/da/82192c7bee5314f04129a068dddae11082a63295d4e3b5ce08657de96608/fonttools-4.64.0-cp314-cp314t-macosx_10_15_universal2.whl", hash = "sha256:4691a122b8c1d0d82d6e7510ce59d5c42146518240274b53e912e255573924f7", size = 3170118, upload-time = "2026-08-31T15:43:38.579Z" },
    { url = "https://files.pythonhosted.org/packages/42/2d/0b4f608d754f625fecc7d94b3b26af6f65f6ab4527b386bb0c6141cdd9ea/fonttools-4.64.0-cp314-cp314t-macosx_10_15_x86_64.whl", hash = "sha256:3200180abc69639483cf54a17cca2e13c31ede5f665979ea0a9c829d093f372f", size = 2617333, upload-time = "2026-08-31T15:43:40.934Z" },
    { url = "https://files.pythonhosted.org/packages/5e/df/9f7448c38dea05458acfee81c443b14ef97d6d66c636af053d41cf8a32dd/fonttools-4.64.0-cp314-cp314t-manylinux2014_aarch64.manylinux_2_17_aarch64.manylinux_2_28_aarch64.whl", hash = "sha256:53eee22af5b5a305c1ee2652955ed46b148e881456fcec1e7f0eb27f642f6bb4", size = 5542345, upload-time = "2026-08-31T15:43:43.114Z" },
    { url = "https://files.pythonhosted.org/packages/b1/e8/cbf4a81e8be322bc4bee4ba31cd33a7b6336ef8030fa13b53b3e9c09fbf9/fonttools-4.64.0-cp314-cp314t-manylinux2014_x86_64.manylinux_2_17_x86_64.whl", hash = "sha256:08f172961e11f4eb4f80f2f20049e09b0ea8e044fa6d456fed8346eb8588f360", size = 5349981, upload-time = "2026-08-31T15:43:45.363Z" },
    { url = "https://files.pythonhosted.org/packages/d8/dc/106fd9e93e962dbb60482d30c0913af3d108f5762429dfe93265a850bdc5/fonttools-4.64.0-cp314-cp314t-musllinux_1_2_aarch64.whl", hash = "sha256:6eae4376adb104c2acfa76fd9ea0cb12b572ca1d70eceac709871f638ff76e93", size = 5409249, upload-time = "2026-08-31T15:43:47.817Z" },
    { url = "https://files.pythonhosted.org/packages/b0/2d/c7be990abf74c9c5c5367ae3dc65953ffce49fe00f62abd129cf725a2397/fonttools-4.64.0-cp314-cp314t-musllinux_1_2_x86_64.whl", hash = "sha256:2730946ca8f12c356bd98eb9b2b095c8e761ed05bed5afb0d5b380cebe4f6370", size = 5443781, upload-time = "2026-08-31T15:43:49.909Z" },
    { url = "https://files.pythonhosted.org/packages/9b/cc/bffec3dccb9e3f4f6097a2baedaef5a8dec2cb816522ee163e4bb7f54b44/fonttools-4.64.0-cp314-cp314t-win32.whl", hash = "sha256:d30c966bea2deffa19c738c81776f7182da5ccabd97e666bae4f3d6ba87341d9", size = 2466542, upload-time = "2026-08-31T15:43:52.088Z" },
    { url = "https://files.pythonhosted.org/packages/96/49/e31f97dfc94e0648999f04bfccb37a97062d978f87df60654f496942c89f/fonttools-4.64.0-cp314-cp314t-win_amd64.whl", hash = "sha256:917fd520bb60809d83c14d43cfe48d5ad2516abaf2c073d65a431800dade2d29", size = 2516703, upload-time = "2026-08-31T15:43:53.954Z" },
    { url = "https://files.pythonhosted.org/packages/fe/ec/e39b9e56db7dcc859983caa24cf2a36209dd71f6cc8ddbbf00d7342d7988/fonttools-4.64.0-cp315-cp315-macosx_10_15_universal2.whl", hash = "sha256:8dd18fdff0ac9759b8d67a714730abee07b2312e3656c20ba5affb0107094762", size = 3091150, upload-time = "2026-08-31T15:43:56.309Z" },
    { url = "https://files.pythonhosted.org/packages/a8/e1/3e6a409d6f99efb66c2f6d0a71986432ff9cc9aca0df9ff4a8bed1d850f6/fonttools-4.64.0-cp315-cp315-macosx_10_15_x86_64.whl", hash = "sha256:5af87d1a6d247d7467ee082ae977a5443b2c45f8cd4d59375b6daa38d523c2de", size = 2582833, upload-time = "2026-08-31T15:43:58.348Z" },
    { url = "https://files.pythonhosted.org/packages/91/7e/e8aec0e6eaf93267450535c1be9c9ae63e1d9c49659c2ffdb52c19982114/fonttools-4.64.0-cp315-cp315-manylinux2014_aarch64.manylinux_2_17_aarch64.manylinux_2_28_aarch64.whl", hash = "sha256:769fb64412ca237547ca73f111a64252d9e32c9d938bed51ed537bc9146a8f54", size = 5375327, upload-time = "2026-08-31T15:44:00.417Z" },
    { url = "https://files.pythonhosted.org/packages/61/d1/fa9ce5c1c3c0ef858a2cbe5632e9b6b137deca010b28d5d9a677e4aa89a7/fonttools-4.64.0-cp315-cp315-manylinux2014_x86_64.manylinux_2_17_x86_64.whl", hash = "sha256:e662f874ab2c7da9861584db44a13573e0936df087215f63013138f6e5eba083", size = 5338647, upload-time = "2026-08-31T15:44:02.62Z" },
    { url = "https://files.pythonhosted.org/packages/0d/13/e4d4fa3c166f7f5a8f9b6403ad9dcb3887cd05f8b9d2638bd2b43d2889ef/fonttools-4.64.0-cp315-cp315-musllinux_1_2_aarch64.whl", hash = "sha256:2524a26f8fdb9051b0d778d052f5d238285ca9f91a7dc004514c7d6cf38d35f4", size = 5313557, upload-time = "2026-08-31T15:44:05.037Z" },
    { url = "https://files.pythonhosted.org/packages/91/c8/5a352d69608ea7606f677080ede971090fc7340b9f143c0b4fa00cfbf63e/fonttools-4.64.0-cp315-cp315-musllinux_1_2_x86_64.whl", hash = "sha256:1e4e84b47839d35be24dbf476845a34f2ccf99707b66df125c1c414d3e86d25d", size = 5462363, upload-time = "2026-08-31T15:44:07.13Z" },
    { url = "https://files.pythonhosted.org/packages/4b/f1/b15b845f66b559a24a9c40859391bbd3048af3ac0fd04e45b57dca11c4c7/fonttools-4.64.0-cp315-cp315-win32.whl", hash = "sha256:be084d19a3ac0c8b2aba696680642d703118d3b1f18cf83f5b7dbaf0ffc62ab6", size = 2431682, upload-time = "2026-08-31T15:44:09.293Z" },
    { url = "https://files.pythonhosted.org/packages/c6/b2/909beff0d2e2e1adac896e36cff7f9d76fd154bcd57e303d8f09aee8f72b/fonttools-4.64.0-cp315-cp315-win_amd64.whl", hash = "sha256:de8acaa5f4160f537a3cf41b031171d51004b9f4aebfa6c194f18dffa9533d03", size = 2484393, upload-time = "2026-08-31T15:44:11.117Z" },
    { url = "https://files.pythonhosted.org/packages/40/47/06a51becf651cc071daa88e18ecb9f45ace9e3a570d8191ed8b3cae353fa/fonttools-4.64.0-cp315-cp315t-macosx_10_15_universal2.whl", hash = "sha256:5b90ad6637237b636d15c9ae8b7c4a7a1c194f33def378677e468c13fd4542f8", size = 3162235, upload-time = "2026-08-31T15:44:13.182Z" },
    { url = "https://files.pythonhosted.org/packages/dd/96/8b3faf58fd7ec3bb11943126658ad15b3f385068b23248deffccf2327ac1/fonttools-4.64.0-cp315-cp315t-macosx_10_15_x86_64.whl", hash = "sha256:fa75c7970bc6bca340cc6e20f20f069201bfcb50094c31a536fd99724d1d01ca", size = 2613507, upload-time = "2026-08-31T15:44:15.123Z" },
    { url = "https://files.pythonhosted.org/packages/bb/3a/223d1437e72d79f1549be7bafb3cc08f397e1d9c354a241a8ec8573b7d33/fonttools-4.64.0-cp315-cp315t-manylinux2014_aarch64.manylinux_2_17_aarch64.manylinux_2_28_aarch64.whl", hash = "sha256:236e59bc7e2a63557a4d7b013f9cb9e28d9aebc45bc09f85e545e6bf091db626", size = 5518005, upload-time = "2026-08-31T15:44:17.359Z" },
    { url = "https://files.pythonhosted.org/packages/9d/9f/6f1a4b40ae533b9e907b7e627e397be632d0d9fd6f6be7756cf458870279/fonttools-4.64.0-cp315-cp315t-manylinux2014_x86_64.manylinux_2_17_x86_64.whl", hash = "sha256:a515f664cad988f2295056833a59f62220bc3e46afdaffe389a29060f6712355", size = 5341654, upload-time = "2026-08-31T15:44:19.869Z" },
    { url = "https://files.pythonhosted.org/packages/52/f6/9ca30ba98730a22b527bcc1e02034f0b13b3be2ede764bb0fe8b8e0408d6/fonttools-4.64.0-cp315-cp315t-musllinux_1_2_aarch64.whl", hash = "sha256:5bfdaada437e7730c17d366bd7bb8c4a16639963ddbfc1b2f302a68a17a290e7", size = 5385994, upload-time = "2026-08-31T15:44:21.979Z" },
    { url = "https://files.pythonhosted.org/packages/09/27/baf1b61bff983bfec72cbb7b32162c4b68d76dc824aaaa48a1c26fa10b6b/fonttools-4.64.0-cp315-cp315t-musllinux_1_2_x86_64.whl", hash = "sha256:c60be0aed97a32c6ba8cee21f0d0477136e495451bd97910f589ac892db120d4", size = 5432407, upload-time = "2026-08-31T15:44:24.469Z" },
    { url = "https://files.pythonhosted.org/packages/21/ff/2eab37d43f2e2ccc0993959d8f2605d9a68470082c592684ac98611ee70a/fonttools-4.64.0-cp315-cp315t-win32.whl", hash = "sha256:f8669ce37851b597d3435b91fefa51139e58d506ca449ca0e5bb68c63b8b6d2b", size = 2463614, upload-time = "2026-08-31T15:44:27.198Z" },
    { url = "https://files.pythonhosted.org/packages/dc/8d/8bdff3ea656592197c8ef5062774221885468ffa01d8b0dc782dae23a83a/fonttools-4.64.0-cp315-cp315t-win_amd64.whl", hash = "sha256:89356c0793b474af7e49ec90d39fb2363e2341516a90460e38231df5ebe8acd5", size = 2512422, upload-time = "2026-08-31T15:44:29.478Z" },
    { url = "https://files.pythonhosted.org/packages/82/f8/7188153c4b265c899cd035de6a062677d51f67118a4ba640902bd9683e90/fonttools-4.64.0-py3-none-any.whl", hash = "sha256:4a05783ff54ce4c7a28f18e5772efdf63c219374bd9ffc55452182e1cef8be60", size = 1195327, upload-time = "2026-08-31T15:44:31.741Z" },
]

[[package]]
name = "ruff"
version = "0.16.5"
source = { registry = "https://pypi.org/simple" }
sdist = { url = "https://files.pythonhosted.org/packages/f3/85/c8e12473c93018f92d19dd988a294202e1c27426c47ec4de53ffb847b8d8/ruff-0.16.5.tar.gz", hash = "sha256:1b88500f9ffbcab3dedb0082c9f9492e91ec3d618aac1236a3e0189938f7040b", size = 4912003, upload-time = "2026-08-27T16:34:18.258Z" }
wheels = [
    { url = "https://files.pythonhosted.org/packages/c6/b6/77c90a970fe2dae17a723acbd011043ea97c98d7deacccefdc4ba74ec512/ruff-0.16.5-py3-none-linux_armv6l.whl", hash = "sha256:12e5f673e774c35fbb62f288809c7653b73445f8ecec6b6063fd6ea3521aa14b", size = 10011941, upload-time = "2026-08-27T16:33:41.287Z" },
    { url = "https://files.pythonhosted.org/packages/4b/46/6cf67cf6411885a1d6f7f6d801682f155536a85176d10b605e2ceffed8bd/ruff-0.16.5-py3-none-macosx_10_12_x86_64.whl", hash = "sha256:eda58a5802de40e7ed5b32b64e0b32539338cc6fcd2c78f61e3ad6a0d79f51c3", size = 10204049, upload-time = "2026-08-27T16:33:44.056Z" },
    { url = "https://files.pythonhosted.org/packages/46/fd/c8720ca7a090abf0c2fef4abe8a5ef6e5127ed15196d8886ff75a2b370e2/ruff-0.16.5-py3-none-macosx_11_0_arm64.whl", hash = "sha256:c5ae9a7b9a8875131f40f8fe967cc86abf899779efd663cb7ce3d572d01da7eb", size = 9809037, upload-time = "2026-08-27T16:33:46.257Z" },
    { url = "https://files.pythonhosted.org/packages/43/45/a684caacdedaca180f52bacccc40bf0789d2c5a7c75f25324853e9eaedb5/ruff-0.16.5-py3-none-manylinux_2_17_aarch64.manylinux2014_aarch64.whl", hash = "sha256:7b719b0a1f4d59710d283ab2965f621684a108a9e41da622e3b23f0326cd0025", size = 9964129, upload-time = "2026-08-27T16:33:48.352Z" },
    { url = "https://files.pythonhosted.org/packages/9e/f2/5d2bcdaca6b5b93d1b4dfc166cd2aebf7680143a1b38a28759df13a94d31/ruff-0.16.5-py3-none-manylinux_2_17_armv7l.manylinux2014_armv7l.whl", hash = "sha256:2298f2780ed1be0c5cb1361e32ab7b1467f3cce7dabe101d2210a314f2fe42e9", size = 9821518, upload-time = "2026-08-27T16:33:50.57Z" },
    { url = "https://files.pythonhosted.org/packages/aa/ff/011cce29accf9257d5974145b733fc653a37985ed6825413a3987cefbfe0/ruff-0.16.5-py3-none-manylinux_2_17_i686.manylinux2014_i686.whl", hash = "sha256:258f29035a2dd021e7861e631b227a5b3f14e50c1184c9a6a122c5f4576154d7", size = 10534835, upload-time = "2026-08-27T16:33:52.522Z" },
    { url = "https://files.pythonhosted.org/packages/d7/5a/f0cf109bada9bba0e96c90c21c9f9251803f57225c32d293327a03c710d6/ruff-0.16.5-py3-none-manylinux_2_17_ppc64le.manylinux2014_ppc64le.whl", hash = "sha256:b9a4f0432966834019c74d1b7e5c51224305d7713f3d7faf3e7451f1a3be3cde", size = 11252550, upload-time = "2026-08-27T16:33:54.521Z" },
    { url = "https://files.pythonhosted.org/packages/63/4d/1d481aaea2046c6a7ed7c291f9004c669cce3c087b6b376ed5b08271e3fe/ruff-0.16.5-py3-none-manylinux_2_17_s390x.manylinux2014_s390x.whl", hash = "sha256:b5eb3a8c3d0ade9cea42b591fd530368e8798380e30e0a308b85a5cf718f09ea", size = 10777949, upload-time = "2026-08-27T16:33:56.88Z" },
    { url = "https://files.pythonhosted.org/packages/ee/34/ee245ca55f64443233034b3d02b03236b19242004281247c079390b7facd/ruff-0.16.5-py3-none-manylinux_2_17_x86_64.manylinux2014_x86_64.whl", hash = "sha256:ef0f69e191a13a3c9816f63163c88790cb12cd157bbbb384e9c44745702ab105", size = 10311656, upload-time = "2026-08-27T16:33:59.12Z" },
    { url = "https://files.pythonhosted.org/packages/a7/4d/c33a333e341c0a2b96c715b52d89a606f5a34cd4ac493cd9b8d0187186b8/ruff-0.16.5-py3-none-manylinux_2_31_riscv64.whl", hash = "sha256:0eeab41fbea2c42f98dfb9822cdccda9d24ba38d49f6dc945b5c236d48f0ef29", size = 10532125, upload-time = "2026-08-27T16:34:01.166Z" },
    { url = "https://files.pythonhosted.org/packages/30/e1/a64cef78b40192497bb98a27a8aa8f2c98ee9ee15bc97f7712d94ef32937/ruff-0.16.5-py3-none-musllinux_1_2_aarch64.whl", hash = "sha256:f0768e9df4300713fff30733c87575f68b6f1d8de41184e505b7fdd9c0c95eaf", size = 10097648, upload-time = "2026-08-27T16:34:03.16Z" },
    { url = "https://files.pythonhosted.org/packages/cc/4e/4cdc9ed3c3e109d2f71e62572a37457298d7bc7501ec3138babb7ed32bbd/ruff-0.16.5-py3-none-musllinux_1_2_armv7l.whl", hash = "sha256:95cc70cdc7aa80c338de356279d2adbeb2de0f520b9ecd8aba75b94e95e02f91", size = 9829344, upload-time = "2026-08-27T16:34:05.134Z" },
    { url = "https://files.pythonhosted.org/packages/39/4a/31ed35ce31729955fc583ee0d176d6e784c1290cb0b0a75cb2134c1ab72a/ruff-0.16.5-py3-none-musllinux_1_2_i686.whl", hash = "sha256:d185c8398ded1bfd91c0c2cb258346307571eccc473a8490af8c3977399c384a", size = 10277117, upload-time = "2026-08-27T16:34:07.425Z" },
    { url = "https://files.pythonhosted.org/packages/a8/a0/60356d86687b4b666d593df213f4dc3041750d024cb7bf2cfa81cfd65c2e/ruff-0.16.5-py3-none-musllinux_1_2_x86_64.whl", hash = "sha256:fb8e3a3c4c6a784150a7ced53b015f4b253fc2bf97a610886419ead64b4756ef", size = 10711653, upload-time = "2026-08-27T16:34:09.712Z" },
    { url = "https://files.pythonhosted.org/packages/ed/20/656d67f5b25ca9bda4e02b1de25867b2954e1d19e03648060f167ad0f4cc/ruff-0.16.5-py3-none-win32.whl", hash = "sha256:288b0a5f080492fe5635db849f9e2e84aa3cce7b7f0e955997d416c507c76a26", size = 10034250, upload-time = "2026-08-27T16:34:11.8Z" },
    { url = "https://files.pythonhosted.org/packages/5b/42/ee8e68a207b9127fcde6c3d7e197def432f346cb1af159e1fa14ca0d1cdc/ruff-0.16.5-py3-none-win_amd64.whl", hash = "sha256:ddc6385fb2137f616357ca03d6c74f4be987f80fed4008566b754f6032b8546f", size = 10516714, upload-time = "2026-08-27T16:34:13.963Z" },
    { url = "https://files.pythonhosted.org/packages/73/e3/7df5a396e445b9ba49ce9a9437439a4d80042c61c0ade199abf8d16de1ac/ruff-0.16.5-py3-none-win_arm64.whl", hash = "sha256:a64abe90968719b851bb7cedffaa8753fbdbdadab483089682db623f3edc587e", size = 10391564, upload-time = "2026-08-27T16:34:16.064Z" },
]
